
Microsoft Visual Studio Solution File, Format Version 12.00
# Visual Studio 15
VisualStudioVersion = 15.0.27703.2042
MinimumVisualStudioVersion = 10.0.40219.1
Project("{9A19103F-16F7-4668-BE54-9A1E7A4F7556}") = "Website.Web", "Website.Web\Website.Web.csproj", "{1E51C8A0-E26A-4BF6-95AC-040B96147D12}"
EndProject
Project("{9A19103F-16F7-4668-BE54-9A1E7A4F7556}") = "Website.Data", "Website.Data\Website.Data.csproj", "{0F84A665-CFEF-46E7-B525-626CDC27B14A}"
EndProject
Project("{9A19103F-16F7-4668-BE54-9A1E7A4F7556}") = "Website.Services", "Website.Services\Website.Services.csproj", "{52F87A2A-4E41-4E9B-A8B6-8812316F1619}"
EndProject
Project("{9A19103F-16F7-4668-BE54-9A1E7A4F7556}") = "Tests", "Tests\Tests.csproj", "{80C6B2F0-2580-4F7A-8F04-E92D2CDDC9E5}"
EndProject
Project("{FAE04EC0-301F-11D3-BF4B-00C04F79EFBC}") = "Website.Core", "Website.Core\Website.Core.csproj", "{1F557F1E-88F5-4749-96FE-13FB8C20C9C6}"
EndProject
Project("{2150E333-8FDC-42A3-9474-1A3956D46DE8}") = "tests", "tests", "{0367CCF6-B27B-4EAB-84CF-EC29A5EEB746}"
EndProject
Global
	GlobalSection(SolutionConfigurationPlatforms) = preSolution
		Debug|Any CPU = Debug|Any CPU
		Release|Any CPU = Release|Any CPU
	EndGlobalSection
	GlobalSection(ProjectConfigurationPlatforms) = postSolution
		{1E51C8A0-E26A-4BF6-95AC-040B96147D12}.Debug|Any CPU.ActiveCfg = Debug|Any CPU
		{1E51C8A0-E26A-4BF6-95AC-040B96147D12}.Debug|Any CPU.Build.0 = Debug|Any CPU
		{1E51C8A0-E26A-4BF6-95AC-040B96147D12}.Release|Any CPU.ActiveCfg = Release|Any CPU
		{1E51C8A0-E26A-4BF6-95AC-040B96147D12}.Release|Any CPU.Build.0 = Release|Any CPU
		{0F84A665-CFEF-46E7-B525-626CDC27B14A}.Debug|Any CPU.ActiveCfg = Debug|Any CPU
		{0F84A665-CFEF-46E7-B525-626CDC27B14A}.Debug|Any CPU.Build.0 = Debug|Any CPU
		{0F84A665-CFEF-46E7-B525-626CDC27B14A}.Release|Any CPU.ActiveCfg = Release|Any CPU
		{0F84A665-CFEF-46E7-B525-626CDC27B14A}.Release|Any CPU.Build.0 = Release|Any CPU
		{52F87A2A-4E41-4E9B-A8B6-8812316F1619}.Debug|Any CPU.ActiveCfg = Debug|Any CPU
		{52F87A2A-4E41-4E9B-A8B6-8812316F1619}.Debug|Any CPU.Build.0 = Debug|Any CPU
		{52F87A2A-4E41-4E9B-A8B6-8812316F1619}.Release|Any CPU.ActiveCfg = Release|Any CPU
		{52F87A2A-4E41-4E9B-A8B6-8812316F1619}.Release|Any CPU.Build.0 = Release|Any CPU
		{80C6B2F0-2580-4F7A-8F04-E92D2CDDC9E5}.Debug|Any CPU.ActiveCfg = Debug|Any CPU
		{80C6B2F0-2580-4F7A-8F04-E92D2CDDC9E5}.Debug|Any CPU.Build.0 = Debug|Any CPU
		{80C6B2F0-2580-4F7A-8F04-E92D2CDDC9E5}.Release|Any CPU.ActiveCfg = Release|Any CPU
		{80C6B2F0-2580-4F7A-8F04-E92D2CDDC9E5}.Release|Any CPU.Build.0 = Release|Any CPU
		{1F557F1E-88F5-4749-96FE-13FB8C20C9C6}.Debug|Any CPU.ActiveCfg = Debug|Any CPU
		{1F557F1E-88F5-4749-96FE-13FB8C20C9C6}.Debug|Any CPU.Build.0 = Debug|Any CPU
		{1F557F1E-88F5-4749-96FE-13FB8C20C9C6}.Release|Any CPU.ActiveCfg = Release|Any CPU
		{1F557F1E-88F5-4749-96FE-13FB8C20C9C6}.Release|Any CPU.Build.0 = Release|Any CPU
	EndGlobalSection
	GlobalSection(SolutionProperties) = preSolution
		HideSolutionNode = FALSE
	EndGlobalSection
	GlobalSection(ExtensibilityGlobals) = postSolution
		SolutionGuid = {23FF6FC4-B66A-4F2E-B042-A1375682AF62}
	EndGlobalSection
	GlobalSection(NestedProjects) = preSolution
		{80C6B2F0-2580-4F7A-8F04-E92D2CDDC9E5} = {0367CCF6-B27B-4EAB-84CF-EC29A5EEB746}
	EndGlobalSection
EndGlobal
