{
  "name": "asp.net",
  "version": "1.0.0",
  "lockfileVersion": 1,
  "requires": true,
  "dependencies": {
    "@types/bootstrap": {
      "version": "4.1.2",
      "resolved": "https://registry.npmjs.org/@types/bootstrap/-/bootstrap-4.1.2.tgz",
      "integrity": "sha512-BiC/IxqyLS68UFp71t2Px80ql/FpaUKSy469aa6HTDFRkv/FvdzRZjF6ifDql/VKSLyin5AZa/yARLetMFM4rQ==",
      "dev": true,
      "requires": {
        "@types/jquery": "*",
        "popper.js": "^1.14.1"
      }
    },
    "@types/bootstrap-select": {
      "version": "1.11.1",
      "resolved": "https://registry.npmjs.org/@types/bootstrap-select/-/bootstrap-select-1.11.1.tgz",
      "integrity": "sha512-ihXOSLbeQHsJAezuwdduhg7OfqvEEEfrrVqFAAmlb/xUhEAttwHT5Uy64epXOnG4E2fXtAQdSxlaetbg8ZJl7Q==",
      "dev": true,
      "requires": {
        "@types/jquery": "*"
      }
    },
    "@types/jquery": {
      "version": "3.3.22",
      "resolved": "https://registry.npmjs.org/@types/jquery/-/jquery-3.3.22.tgz",
      "integrity": "sha512-a4JDcIhJhHYnoWCkG3xT2CZxXZeA92JeREESorg0DMQ3ZsjuKF48h7XK4l5Gl2GRa/ItGRpKMT0pyK88yRgqXQ==",
      "dev": true,
      "requires": {
        "@types/sizzle": "*"
      }
    },
    "@types/jquery-validation-unobtrusive": {
      "version": "3.2.32",
      "resolved": "https://registry.npmjs.org/@types/jquery-validation-unobtrusive/-/jquery-validation-unobtrusive-3.2.32.tgz",
      "integrity": "sha512-RdGqqH2eheWG8laRwUb/rESNdELWV0wV2AVBkOn1pKI158UEvxOJObQjcJf8F4AMx61H/Dl4YApFO3hBzLKZvQ==",
      "dev": true,
      "requires": {
        "@types/jquery.validation": "*"
      }
    },
    "@types/jquery.validation": {
      "version": "1.16.5",
      "resolved": "https://registry.npmjs.org/@types/jquery.validation/-/jquery.validation-1.16.5.tgz",
      "integrity": "sha512-KLSZQ6MBx4KbaPDP3WucqXkJojgI29+uVBkcHvzyAUUDdExkd60vNHc7++HhZokWk1e7EExxKHLDEAWaQWC2Vg==",
      "dev": true,
      "requires": {
        "@types/jquery": "*"
      }
    },
    "@types/popper.js": {
      "version": "1.11.0",
      "resolved": "https://registry.npmjs.org/@types/popper.js/-/popper.js-1.11.0.tgz",
      "integrity": "sha512-1SDEDA6VacGAqDOmwbMcJD39bg0sHbM8y6LHOV3CMxyDBRrwTodRyIIj5f4eR/nlgpeyPoG1fKXqbkRmg+5yRg==",
      "dev": true,
      "requires": {
        "popper.js": "*"
      }
    },
    "@types/sizzle": {
      "version": "2.3.2",
      "resolved": "https://registry.npmjs.org/@types/sizzle/-/sizzle-2.3.2.tgz",
      "integrity": "sha512-7EJYyKTL7tFR8+gDbB6Wwz/arpGa0Mywk1TJbNzKzHtzbwVmY4HR9WqS5VV7dsBUKQmPNr192jHr/VpBluj/hg==",
      "dev": true
    },
    "bootstrap": {
      "version": "4.1.3",
      "resolved": "https://registry.npmjs.org/bootstrap/-/bootstrap-4.1.3.tgz",
      "integrity": "sha512-rDFIzgXcof0jDyjNosjv4Sno77X4KuPeFxG2XZZv1/Kc8DRVGVADdoQyyOVDwPqL36DDmtCQbrpMCqvpPLJQ0w==",
      "dev": true
    },
    "bootstrap-select": {
      "version": "1.13.3",
      "resolved": "https://registry.npmjs.org/bootstrap-select/-/bootstrap-select-1.13.3.tgz",
      "integrity": "sha512-XzMwLFqRJQb142zR3ev57bZl66/h/RRguMODVfH0w2YTcJrqU+VCO6CserMxsVF4JE6hX9O99MQGZxgWZiitfg==",
      "dev": true
    },
    "font-awesome": {
      "version": "4.7.0",
      "resolved": "https://registry.npmjs.org/font-awesome/-/font-awesome-4.7.0.tgz",
      "integrity": "sha1-j6jPBBGhoxr9B7BtKQK7n8gVoTM=",
      "dev": true
    },
    "jquery": {
      "version": "3.3.1",
      "resolved": "https://registry.npmjs.org/jquery/-/jquery-3.3.1.tgz",
      "integrity": "sha512-Ubldcmxp5np52/ENotGxlLe6aGMvmF4R8S6tZjsP6Knsaxd/xp3Zrh50cG93lR6nPXyUFwzN3ZSOQI0wRJNdGg==",
      "dev": true
    },
    "jquery-validation": {
      "version": "1.17.0",
      "resolved": "https://registry.npmjs.org/jquery-validation/-/jquery-validation-1.17.0.tgz",
      "integrity": "sha512-XddiAwhGdWhcIJ+W3ri3KG8uTPMua4TPYuUIC8/E7lOyqdScG5xHuy9YishlKc0c/lIQai77EX7hxMdTSYCEjA==",
      "dev": true,
      "requires": {
        "jquery": "^1.7 || ^2.0 || ^3.1"
      }
    },
    "jquery-validation-unobtrusive": {
      "version": "3.2.10",
      "resolved": "https://registry.npmjs.org/jquery-validation-unobtrusive/-/jquery-validation-unobtrusive-3.2.10.tgz",
      "integrity": "sha512-z9ZBP/HslaGNKzFSpfLNJoFm2iqPJfE6CKM0H5e9LmKnYTFxErvCFQZomOLiTmLmZi8Wi/otW38cEXExVDha0w==",
      "dev": true,
      "requires": {
        "jquery": ">=1.8",
        "jquery-validation": ">=1.16"
      }
    },
    "popper.js": {
      "version": "1.14.4",
      "resolved": "https://registry.npmjs.org/popper.js/-/popper.js-1.14.4.tgz",
      "integrity": "sha1-juwdj/AqWjoVLdQ0FKFce3n9abY=",
      "dev": true
    }
  }
}
